
Microsoft Visual Studio Solution File, Format Version 12.00
# Visual Studio Version 17
VisualStudioVersion = 17.10.34902.84
MinimumVisualStudioVersion = 10.0.40219.1
Project("{FAE04EC0-301F-11D3-BF4B-00C04F79EFBC}") = "ToDoApp", "ToDoApp.csproj", "{A39A72CA-BAB7-419B-BB8C-3406BE25D8FB}"
EndProject
Global
	GlobalSection(SolutionConfigurationPlatforms) = preSolution
		Debug|Any CPU = Debug|Any CPU
		Release|Any CPU = Release|Any CPU
	EndGlobalSection
	GlobalSection(ProjectConfigurationPlatforms) = postSolution
		{A39A72CA-BAB7-419B-BB8C-3406BE25D8FB}.Debug|Any CPU.ActiveCfg = Debug|Any CPU
		{A39A72CA-BAB7-419B-BB8C-3406BE25D8FB}.Debug|Any CPU.Build.0 = Debug|Any CPU
		{A39A72CA-BAB7-419B-BB8C-3406BE25D8FB}.Release|Any CPU.ActiveCfg = Release|Any CPU
		{A39A72CA-BAB7-419B-BB8C-3406BE25D8FB}.Release|Any CPU.Build.0 = Release|Any CPU
	EndGlobalSection
	GlobalSection(SolutionProperties) = preSolution
		HideSolutionNode = FALSE
	EndGlobalSection
	GlobalSection(ExtensibilityGlobals) = postSolution
		SolutionGuid = {7060E47C-979B-458A-B20B-0A8A4D98342E}
	EndGlobalSection
EndGlobal
