
Microsoft Visual Studio Solution File, Format Version 12.00
# Visual Studio Version 17
VisualStudioVersion = 17.9.34728.123
MinimumVisualStudioVersion = 10.0.40219.1
Project("{9A19103F-16F7-4668-BE54-9A1E7A4F7556}") = "BookAPI", "WebApplication2\BookAPI.csproj", "{6261B54F-16C6-49AE-8678-73B89FF63896}"
EndProject
Project("{9A19103F-16F7-4668-BE54-9A1E7A4F7556}") = "ServiceLayer", "ServiceLayer\ServiceLayer.csproj", "{B1CF7343-76CB-45EE-8DAA-1DD2CD3EC4FD}"
EndProject
Project("{FAE04EC0-301F-11D3-BF4B-00C04F79EFBC}") = "DataLayer", "DataLayer\DataLayer.csproj", "{3613D289-F66E-4562-854B-27070BC24B67}"
EndProject
Global
	GlobalSection(SolutionConfigurationPlatforms) = preSolution
		Debug|Any CPU = Debug|Any CPU
		Release|Any CPU = Release|Any CPU
	EndGlobalSection
	GlobalSection(ProjectConfigurationPlatforms) = postSolution
		{6261B54F-16C6-49AE-8678-73B89FF63896}.Debug|Any CPU.ActiveCfg = Debug|Any CPU
		{6261B54F-16C6-49AE-8678-73B89FF63896}.Debug|Any CPU.Build.0 = Debug|Any CPU
		{6261B54F-16C6-49AE-8678-73B89FF63896}.Release|Any CPU.ActiveCfg = Release|Any CPU
		{6261B54F-16C6-49AE-8678-73B89FF63896}.Release|Any CPU.Build.0 = Release|Any CPU
		{B1CF7343-76CB-45EE-8DAA-1DD2CD3EC4FD}.Debug|Any CPU.ActiveCfg = Debug|Any CPU
		{B1CF7343-76CB-45EE-8DAA-1DD2CD3EC4FD}.Debug|Any CPU.Build.0 = Debug|Any CPU
		{B1CF7343-76CB-45EE-8DAA-1DD2CD3EC4FD}.Release|Any CPU.ActiveCfg = Release|Any CPU
		{B1CF7343-76CB-45EE-8DAA-1DD2CD3EC4FD}.Release|Any CPU.Build.0 = Release|Any CPU
		{3613D289-F66E-4562-854B-27070BC24B67}.Debug|Any CPU.ActiveCfg = Debug|Any CPU
		{3613D289-F66E-4562-854B-27070BC24B67}.Debug|Any CPU.Build.0 = Debug|Any CPU
		{3613D289-F66E-4562-854B-27070BC24B67}.Release|Any CPU.ActiveCfg = Release|Any CPU
		{3613D289-F66E-4562-854B-27070BC24B67}.Release|Any CPU.Build.0 = Release|Any CPU
	EndGlobalSection
	GlobalSection(SolutionProperties) = preSolution
		HideSolutionNode = FALSE
	EndGlobalSection
	GlobalSection(ExtensibilityGlobals) = postSolution
		SolutionGuid = {4733CC95-02E4-4B44-89D8-CB161B85477A}
	EndGlobalSection
EndGlobal
